// !$*UTF8*$!
{
	archiveVersion = 1;
	classes = {
	};
	objectVersion = 56;
	objects = {

/* Begin PBXBuildFile section */
		DE006FDA2A8DB43100A28A54 /* ErrorScreenViewController.swift in Sources */ = {isa = PBXBuildFile; fileRef = DE006FD92A8DB43100A28A54 /* ErrorScreenViewController.swift */; };
		E2217CE72A7D45C6002C97EB /* CityWeather.swift in Sources */ = {isa = PBXBuildFile; fileRef = E2217CE62A7D45C6002C97EB /* CityWeather.swift */; };
		E2448FB32A7DBB6F00681BDF /* SecondViewController.swift in Sources */ = {isa = PBXBuildFile; fileRef = E2448FB22A7DBB6F00681BDF /* SecondViewController.swift */; };
		E254DA602A7D6CC3002DA5FE /* CustomTableViewCell.swift in Sources */ = {isa = PBXBuildFile; fileRef = E2217CE82A7D5345002C97EB /* CustomTableViewCell.swift */; };
		E28A3D3F2A79610000674ED2 /* AppDelegate.swift in Sources */ = {isa = PBXBuildFile; fileRef = E28A3D3E2A79610000674ED2 /* AppDelegate.swift */; };
		E28A3D412A79610000674ED2 /* SceneDelegate.swift in Sources */ = {isa = PBXBuildFile; fileRef = E28A3D402A79610000674ED2 /* SceneDelegate.swift */; };
		E28A3D432A79610000674ED2 /* ViewController.swift in Sources */ = {isa = PBXBuildFile; fileRef = E28A3D422A79610000674ED2 /* ViewController.swift */; };
		E28A3D462A79610000674ED2 /* Main.storyboard in Resources */ = {isa = PBXBuildFile; fileRef = E28A3D442A79610000674ED2 /* Main.storyboard */; };
		E28A3D482A79610100674ED2 /* Assets.xcassets in Resources */ = {isa = PBXBuildFile; fileRef = E28A3D472A79610100674ED2 /* Assets.xcassets */; };
/* End PBXBuildFile section */

/* Begin PBXFileReference section */
		DE006FD92A8DB43100A28A54 /* ErrorScreenViewController.swift */ = {isa = PBXFileReference; lastKnownFileType = sourcecode.swift; path = ErrorScreenViewController.swift; sourceTree = "<group>"; };
		E2217CE62A7D45C6002C97EB /* CityWeather.swift */ = {isa = PBXFileReference; lastKnownFileType = sourcecode.swift; path = CityWeather.swift; sourceTree = "<group>"; };
		E2217CE82A7D5345002C97EB /* CustomTableViewCell.swift */ = {isa = PBXFileReference; lastKnownFileType = sourcecode.swift; path = CustomTableViewCell.swift; sourceTree = "<group>"; };
		E2448FB22A7DBB6F00681BDF /* SecondViewController.swift */ = {isa = PBXFileReference; lastKnownFileType = sourcecode.swift; path = SecondViewController.swift; sourceTree = "<group>"; };
		E28A3D3B2A79610000674ED2 /* WeatherApp_Project_02.app */ = {isa = PBXFileReference; explicitFileType = wrapper.application; includeInIndex = 0; path = WeatherApp_Project_02.app; sourceTree = BUILT_PRODUCTS_DIR; };
		E28A3D3E2A79610000674ED2 /* AppDelegate.swift */ = {isa = PBXFileReference; lastKnownFileType = sourcecode.swift; path = AppDelegate.swift; sourceTree = "<group>"; };
		E28A3D402A79610000674ED2 /* SceneDelegate.swift */ = {isa = PBXFileReference; lastKnownFileType = sourcecode.swift; path = SceneDelegate.swift; sourceTree = "<group>"; };
		E28A3D422A79610000674ED2 /* ViewController.swift */ = {isa = PBXFileReference; lastKnownFileType = sourcecode.swift; path = ViewController.swift; sourceTree = "<group>"; };
		E28A3D452A79610000674ED2 /* Base */ = {isa = PBXFileReference; lastKnownFileType = file.storyboard; name = Base; path = Base.lproj/Main.storyboard; sourceTree = "<group>"; };
		E28A3D472A79610100674ED2 /* Assets.xcassets */ = {isa = PBXFileReference; lastKnownFileType = folder.assetcatalog; path = Assets.xcassets; sourceTree = "<group>"; };
		E28A3D4C2A79610100674ED2 /* Info.plist */ = {isa = PBXFileReference; lastKnownFileType = text.plist.xml; path = Info.plist; sourceTree = "<group>"; };
/* End PBXFileReference section */

/* Begin PBXFrameworksBuildPhase section */
		E28A3D382A79610000674ED2 /* Frameworks */ = {
			isa = PBXFrameworksBuildPhase;
			buildActionMask = 2147483647;
			files = (
			);
			runOnlyForDeploymentPostprocessing = 0;
		};
/* End PBXFrameworksBuildPhase section */

/* Begin PBXGroup section */
		E28A3D322A79610000674ED2 = {
			isa = PBXGroup;
			children = (
				E28A3D3D2A79610000674ED2 /* WeatherApp_Project_02 */,
				E28A3D3C2A79610000674ED2 /* Products */,
			);
			sourceTree = "<group>";
		};
		E28A3D3C2A79610000674ED2 /* Products */ = {
			isa = PBXGroup;
			children = (
				E28A3D3B2A79610000674ED2 /* WeatherApp_Project_02.app */,
			);
			name = Products;
			sourceTree = "<group>";
		};
		E28A3D3D2A79610000674ED2 /* WeatherApp_Project_02 */ = {
			isa = PBXGroup;
			children = (
				E28A3D3E2A79610000674ED2 /* AppDelegate.swift */,
				E28A3D402A79610000674ED2 /* SceneDelegate.swift */,
				E28A3D422A79610000674ED2 /* ViewController.swift */,
				DE006FD92A8DB43100A28A54 /* ErrorScreenViewController.swift */,
				E28A3D442A79610000674ED2 /* Main.storyboard */,
				E28A3D472A79610100674ED2 /* Assets.xcassets */,
				E28A3D4C2A79610100674ED2 /* Info.plist */,
				E2217CE62A7D45C6002C97EB /* CityWeather.swift */,
				E2217CE82A7D5345002C97EB /* CustomTableViewCell.swift */,
				E2448FB22A7DBB6F00681BDF /* SecondViewController.swift */,
			);
			path = WeatherApp_Project_02;
			sourceTree = "<group>";
		};
/* End PBXGroup section */

/* Begin PBXNativeTarget section */
		E28A3D3A2A79610000674ED2 /* WeatherApp_Project_02 */ = {
			isa = PBXNativeTarget;
			buildConfigurationList = E28A3D4F2A79610100674ED2 /* Build configuration list for PBXNativeTarget "WeatherApp_Project_02" */;
			buildPhases = (
				E28A3D372A79610000674ED2 /* Sources */,
				E28A3D382A79610000674ED2 /* Frameworks */,
				E28A3D392A79610000674ED2 /* Resources */,
			);
			buildRules = (
			);
			dependencies = (
			);
			name = WeatherApp_Project_02;
			productName = WeatherApp_Project_02;
			productReference = E28A3D3B2A79610000674ED2 /* WeatherApp_Project_02.app */;
			productType = "com.apple.product-type.application";
		};
/* End PBXNativeTarget section */

/* Begin PBXProject section */
		E28A3D332A79610000674ED2 /* Project object */ = {
			isa = PBXProject;
			attributes = {
				BuildIndependentTargetsInParallel = 1;
				LastSwiftUpdateCheck = 1430;
				LastUpgradeCheck = 1430;
				TargetAttributes = {
					E28A3D3A2A79610000674ED2 = {
						CreatedOnToolsVersion = 14.3.1;
					};
				};
			};
			buildConfigurationList = E28A3D362A79610000674ED2 /* Build configuration list for PBXProject "WeatherApp_Project_02" */;
			compatibilityVersion = "Xcode 14.0";
			developmentRegion = en;
			hasScannedForEncodings = 0;
			knownRegions = (
				en,
				Base,
			);
			mainGroup = E28A3D322A79610000674ED2;
			productRefGroup = E28A3D3C2A79610000674ED2 /* Products */;
			projectDirPath = "";
			projectRoot = "";
			targets = (
				E28A3D3A2A79610000674ED2 /* WeatherApp_Project_02 */,
			);
		};
/* End PBXProject section */

/* Begin PBXResourcesBuildPhase section */
		E28A3D392A79610000674ED2 /* Resources */ = {
			isa = PBXResourcesBuildPhase;
			buildActionMask = 2147483647;
			files = (
				E28A3D482A79610100674ED2 /* Assets.xcassets in Resources */,
				E28A3D462A79610000674ED2 /* Main.storyboard in Resources */,
			);
			runOnlyForDeploymentPostprocessing = 0;
		};
/* End PBXResourcesBuildPhase section */

/* Begin PBXSourcesBuildPhase section */
		E28A3D372A79610000674ED2 /* Sources */ = {
			isa = PBXSourcesBuildPhase;
			buildActionMask = 2147483647;
			files = (
				E2448FB32A7DBB6F00681BDF /* SecondViewController.swift in Sources */,
				DE006FDA2A8DB43100A28A54 /* ErrorScreenViewController.swift in Sources */,
				E254DA602A7D6CC3002DA5FE /* CustomTableViewCell.swift in Sources */,
				E28A3D432A79610000674ED2 /* ViewController.swift in Sources */,
				E28A3D3F2A79610000674ED2 /* AppDelegate.swift in Sources */,
				E2217CE72A7D45C6002C97EB /* CityWeather.swift in Sources */,
				E28A3D412A79610000674ED2 /* SceneDelegate.swift in Sources */,
			);
			runOnlyForDeploymentPostprocessing = 0;
		};
/* End PBXSourcesBuildPhase section */

/* Begin PBXVariantGroup section */
		E28A3D442A79610000674ED2 /* Main.storyboard */ = {
			isa = PBXVariantGroup;
			children = (
				E28A3D452A79610000674ED2 /* Base */,
			);
			name = Main.storyboard;
			sourceTree = "<group>";
		};
/* End PBXVariantGroup section */

/* Begin XCBuildConfiguration section */
		E28A3D4D2A79610100674ED2 /* Debug */ = {
			isa = XCBuildConfiguration;
			buildSettings = {
				ALWAYS_SEARCH_USER_PATHS = NO;
				CLANG_ANALYZER_NONNULL = YES;
				CLANG_ANALYZER_NUMBER_OBJECT_CONVERSION = YES_AGGRESSIVE;
				CLANG_CXX_LANGUAGE_STANDARD = "gnu++20";
				CLANG_ENABLE_MODULES = YES;
				CLANG_ENABLE_OBJC_ARC = YES;
				CLANG_ENABLE_OBJC_WEAK = YES;
				CLANG_WARN_BLOCK_CAPTURE_AUTORELEASING = YES;
				CLANG_WARN_BOOL_CONVERSION = YES;
				CLANG_WARN_COMMA = YES;
				CLANG_WARN_CONSTANT_CONVERSION = YES;
				CLANG_WARN_DEPRECATED_OBJC_IMPLEMENTATIONS = YES;
				CLANG_WARN_DIRECT_OBJC_ISA_USAGE = YES_ERROR;
				CLANG_WARN_DOCUMENTATION_COMMENTS = YES;
				CLANG_WARN_EMPTY_BODY = YES;
				CLANG_WARN_ENUM_CONVERSION = YES;
				CLANG_WARN_INFINITE_RECURSION = YES;
				CLANG_WARN_INT_CONVERSION = YES;
				CLANG_WARN_NON_LITERAL_NULL_CONVERSION = YES;
				CLANG_WARN_OBJC_IMPLICIT_RETAIN_SELF = YES;
				CLANG_WARN_OBJC_LITERAL_CONVERSION = YES;
				CLANG_WARN_OBJC_ROOT_CLASS = YES_ERROR;
				CLANG_WARN_QUOTED_INCLUDE_IN_FRAMEWORK_HEADER = YES;
				CLANG_WARN_RANGE_LOOP_ANALYSIS = YES;
				CLANG_WARN_STRICT_PROTOTYPES = YES;
				CLANG_WARN_SUSPICIOUS_MOVE = YES;
				CLANG_WARN_UNGUARDED_AVAILABILITY = YES_AGGRESSIVE;
				CLANG_WARN_UNREACHABLE_CODE = YES;
				CLANG_WARN__DUPLICATE_METHOD_MATCH = YES;
				COPY_PHASE_STRIP = NO;
				DEBUG_INFORMATION_FORMAT = dwarf;
				ENABLE_STRICT_OBJC_MSGSEND = YES;
				ENABLE_TESTABILITY = YES;
				GCC_C_LANGUAGE_STANDARD = gnu11;
				GCC_DYNAMIC_NO_PIC = NO;
				GCC_NO_COMMON_BLOCKS = YES;
				GCC_OPTIMIZATION_LEVEL = 0;
				GCC_PREPROCESSOR_DEFINITIONS = (
					"DEBUG=1",
					"$(inherited)",
				);
				GCC_WARN_64_TO_32_BIT_CONVERSION = YES;
				GCC_WARN_ABOUT_RETURN_TYPE = YES_ERROR;
				GCC_WARN_UNDECLARED_SELECTOR = YES;
				GCC_WARN_UNINITIALIZED_AUTOS = YES_AGGRESSIVE;
				GCC_WARN_UNUSED_FUNCTION = YES;
				GCC_WARN_UNUSED_VARIABLE = YES;
				IPHONEOS_DEPLOYMENT_TARGET = 16.4;
				MTL_ENABLE_DEBUG_INFO = INCLUDE_SOURCE;
				MTL_FAST_MATH = YES;
				ONLY_ACTIVE_ARCH = YES;
				SDKROOT = iphoneos;
				SWIFT_ACTIVE_COMPILATION_CONDITIONS = DEBUG;
				SWIFT_OPTIMIZATION_LEVEL = "-Onone";
			};
			name = Debug;
		};
		E28A3D4E2A79610100674ED2 /* Release */ = {
			isa = XCBuildConfiguration;
			buildSettings = {
				ALWAYS_SEARCH_USER_PATHS = NO;
				CLANG_ANALYZER_NONNULL = YES;
				CLANG_ANALYZER_NUMBER_OBJECT_CONVERSION = YES_AGGRESSIVE;
				CLANG_CXX_LANGUAGE_STANDARD = "gnu++20";
				CLANG_ENABLE_MODULES = YES;
				CLANG_ENABLE_OBJC_ARC = YES;
				CLANG_ENABLE_OBJC_WEAK = YES;
				CLANG_WARN_BLOCK_CAPTURE_AUTORELEASING = YES;
				CLANG_WARN_BOOL_CONVERSION = YES;
				CLANG_WARN_COMMA = YES;
				CLANG_WARN_CONSTANT_CONVERSION = YES;
				CLANG_WARN_DEPRECATED_OBJC_IMPLEMENTATIONS = YES;
				CLANG_WARN_DIRECT_OBJC_ISA_USAGE = YES_ERROR;
				CLANG_WARN_DOCUMENTATION_COMMENTS = YES;
				CLANG_WARN_EMPTY_BODY = YES;
				CLANG_WARN_ENUM_CONVERSION = YES;
				CLANG_WARN_INFINITE_RECURSION = YES;
				CLANG_WARN_INT_CONVERSION = YES;
				CLANG_WARN_NON_LITERAL_NULL_CONVERSION = YES;
				CLANG_WARN_OBJC_IMPLICIT_RETAIN_SELF = YES;
				CLANG_WARN_OBJC_LITERAL_CONVERSION = YES;
				CLANG_WARN_OBJC_ROOT_CLASS = YES_ERROR;
				CLANG_WARN_QUOTED_INCLUDE_IN_FRAMEWORK_HEADER = YES;
				CLANG_WARN_RANGE_LOOP_ANALYSIS = YES;
				CLANG_WARN_STRICT_PROTOTYPES = YES;
				CLANG_WARN_SUSPICIOUS_MOVE = YES;
				CLANG_WARN_UNGUARDED_AVAILABILITY = YES_AGGRESSIVE;
				CLANG_WARN_UNREACHABLE_CODE = YES;
				CLANG_WARN__DUPLICATE_METHOD_MATCH = YES;
				COPY_PHASE_STRIP = NO;
				DEBUG_INFORMATION_FORMAT = "dwarf-with-dsym";
				ENABLE_NS_ASSERTIONS = NO;
				ENABLE_STRICT_OBJC_MSGSEND = YES;
				GCC_C_LANGUAGE_STANDARD = gnu11;
				GCC_NO_COMMON_BLOCKS = YES;
				GCC_WARN_64_TO_32_BIT_CONVERSION = YES;
				GCC_WARN_ABOUT_RETURN_TYPE = YES_ERROR;
				GCC_WARN_UNDECLARED_SELECTOR = YES;
				GCC_WARN_UNINITIALIZED_AUTOS = YES_AGGRESSIVE;
				GCC_WARN_UNUSED_FUNCTION = YES;
				GCC_WARN_UNUSED_VARIABLE = YES;
				IPHONEOS_DEPLOYMENT_TARGET = 16.4;
				MTL_ENABLE_DEBUG_INFO = NO;
				MTL_FAST_MATH = YES;
				SDKROOT = iphoneos;
				SWIFT_COMPILATION_MODE = wholemodule;
				SWIFT_OPTIMIZATION_LEVEL = "-O";
				VALIDATE_PRODUCT = YES;
			};
			name = Release;
		};
		E28A3D502A79610100674ED2 /* Debug */ = {
			isa = XCBuildConfiguration;
			buildSettings = {
				ASSETCATALOG_COMPILER_APPICON_NAME = AppIcon;
				ASSETCATALOG_COMPILER_GLOBAL_ACCENT_COLOR_NAME = AccentColor;
				CODE_SIGN_STYLE = Automatic;
				CURRENT_PROJECT_VERSION = 1;
				GENERATE_INFOPLIST_FILE = YES;
				INFOPLIST_FILE = WeatherApp_Project_02/Info.plist;
				INFOPLIST_KEY_UIApplicationSupportsIndirectInputEvents = YES;
				INFOPLIST_KEY_UILaunchStoryboardName = LaunchScreen;
				INFOPLIST_KEY_UIMainStoryboardFile = Main;
				INFOPLIST_KEY_UISupportedInterfaceOrientations_iPad = "UIInterfaceOrientationPortrait UIInterfaceOrientationPortraitUpsideDown UIInterfaceOrientationLandscapeLeft UIInterfaceOrientationLandscapeRight";
				INFOPLIST_KEY_UISupportedInterfaceOrientations_iPhone = "UIInterfaceOrientationPortrait UIInterfaceOrientationLandscapeLeft UIInterfaceOrientationLandscapeRight";
				IPHONEOS_DEPLOYMENT_TARGET = 15.5;
				LD_RUNPATH_SEARCH_PATHS = (
					"$(inherited)",
					"@executable_path/Frameworks",
				);
				MARKETING_VERSION = 1.0;
				PRODUCT_BUNDLE_IDENTIFIER = "com.example.s-poovathingalsanu.WeatherApp-Project-02";
				PRODUCT_NAME = "$(TARGET_NAME)";
				SWIFT_EMIT_LOC_STRINGS = YES;
				SWIFT_VERSION = 5.0;
				TARGETED_DEVICE_FAMILY = "1,2";
			};
			name = Debug;
		};
		E28A3D512A79610100674ED2 /* Release */ = {
			isa = XCBuildConfiguration;
			buildSettings = {
				ASSETCATALOG_COMPILER_APPICON_NAME = AppIcon;
				ASSETCATALOG_COMPILER_GLOBAL_ACCENT_COLOR_NAME = AccentColor;
				CODE_SIGN_STYLE = Automatic;
				CURRENT_PROJECT_VERSION = 1;
				GENERATE_INFOPLIST_FILE = YES;
				INFOPLIST_FILE = WeatherApp_Project_02/Info.plist;
				INFOPLIST_KEY_UIApplicationSupportsIndirectInputEvents = YES;
				INFOPLIST_KEY_UILaunchStoryboardName = LaunchScreen;
				INFOPLIST_KEY_UIMainStoryboardFile = Main;
				INFOPLIST_KEY_UISupportedInterfaceOrientations_iPad = "UIInterfaceOrientationPortrait UIInterfaceOrientationPortraitUpsideDown UIInterfaceOrientationLandscapeLeft UIInterfaceOrientationLandscapeRight";
				INFOPLIST_KEY_UISupportedInterfaceOrientations_iPhone = "UIInterfaceOrientationPortrait UIInterfaceOrientationLandscapeLeft UIInterfaceOrientationLandscapeRight";
				IPHONEOS_DEPLOYMENT_TARGET = 15.5;
				LD_RUNPATH_SEARCH_PATHS = (
					"$(inherited)",
					"@executable_path/Frameworks",
				);
				MARKETING_VERSION = 1.0;
				PRODUCT_BUNDLE_IDENTIFIER = "com.example.s-poovathingalsanu.WeatherApp-Project-02";
				PRODUCT_NAME = "$(TARGET_NAME)";
				SWIFT_EMIT_LOC_STRINGS = YES;
				SWIFT_VERSION = 5.0;
				TARGETED_DEVICE_FAMILY = "1,2";
			};
			name = Release;
		};
/* End XCBuildConfiguration section */

/* Begin XCConfigurationList section */
		E28A3D362A79610000674ED2 /* Build configuration list for PBXProject "WeatherApp_Project_02" */ = {
			isa = XCConfigurationList;
			buildConfigurations = (
				E28A3D4D2A79610100674ED2 /* Debug */,
				E28A3D4E2A79610100674ED2 /* Release */,
			);
			defaultConfigurationIsVisible = 0;
			defaultConfigurationName = Release;
		};
		E28A3D4F2A79610100674ED2 /* Build configuration list for PBXNativeTarget "WeatherApp_Project_02" */ = {
			isa = XCConfigurationList;
			buildConfigurations = (
				E28A3D502A79610100674ED2 /* Debug */,
				E28A3D512A79610100674ED2 /* Release */,
			);
			defaultConfigurationIsVisible = 0;
			defaultConfigurationName = Release;
		};
/* End XCConfigurationList section */
	};
	rootObject = E28A3D332A79610000674ED2 /* Project object */;
}
